
Microsoft Visual Studio Solution File, Format Version 12.00
# Visual Studio 15
VisualStudioVersion = 15.0.26124.0
MinimumVisualStudioVersion = 15.0.26124.0
Project("{FAE04EC0-301F-11D3-BF4B-00C04F79EFBC}") = "SharedCore", "SharedCore\SharedCore.csproj", "{B6A5DD57-E461-44AE-BE33-2B0AD2EE1233}"
EndProject
Project("{FAE04EC0-301F-11D3-BF4B-00C04F79EFBC}") = "Massoterapia.Domain", "Massoterapia.Domain\Massoterapia.Domain.csproj", "{13D8918D-998B-43DE-BDA4-26AABE6D8CDD}"
EndProject
Project("{FAE04EC0-301F-11D3-BF4B-00C04F79EFBC}") = "Massoterapia.Application", "Massoterapia.Application\Massoterapia.Application.csproj", "{28E5F3F9-97D0-4967-96AB-9F4C3C994153}"
EndProject
Project("{FAE04EC0-301F-11D3-BF4B-00C04F79EFBC}") = "Massoterapia.Infra.Data.Mongo", "Massoterapia.Infra.Data.Mongo\Massoterapia.Infra.Data.Mongo.csproj", "{E23F95AF-1412-4858-9A91-011457040947}"
EndProject
Project("{FAE04EC0-301F-11D3-BF4B-00C04F79EFBC}") = "Massoterapia.Infra.IoC", "Massoterapia.Infra.IoC\Massoterapia.Infra.IoC.csproj", "{3223223D-2A20-44E6-A801-03E4FAB257DF}"
EndProject
Project("{FAE04EC0-301F-11D3-BF4B-00C04F79EFBC}") = "Massoterapia.API", "Massoterapia.API\Massoterapia.API.csproj", "{4D410B61-3041-45DB-911C-FC98EEE6B6A1}"
EndProject
Project("{FAE04EC0-301F-11D3-BF4B-00C04F79EFBC}") = "Massoterapia.Domain.Tests", "Massoterapia.Domain.Tests\Massoterapia.Domain.Tests.csproj", "{40455EB5-5F2F-4E9A-84CB-6D9F85FFC7E0}"
EndProject
Project("{FAE04EC0-301F-11D3-BF4B-00C04F79EFBC}") = "Massoterapia.Application.Tests", "Massoterapia.Application.Tests\Massoterapia.Application.Tests.csproj", "{FCB4664D-AFC1-4866-8B79-6A0114C66768}"
EndProject
Project("{FAE04EC0-301F-11D3-BF4B-00C04F79EFBC}") = "Massoterapia.Integration.Tests", "Massoterapia.Integration.Tests\Massoterapia.Integration.Tests.csproj", "{3EF6294C-1A5E-4A54-97FA-06A217A2BAB2}"
EndProject
Global
	GlobalSection(SolutionProperties) = preSolution
		HideSolutionNode = FALSE
	EndGlobalSection
	GlobalSection(SolutionConfigurationPlatforms) = preSolution
		Debug|Any CPU = Debug|Any CPU
		Debug|x64 = Debug|x64
		Debug|x86 = Debug|x86
		Release|Any CPU = Release|Any CPU
		Release|x64 = Release|x64
		Release|x86 = Release|x86
	EndGlobalSection
	GlobalSection(ProjectConfigurationPlatforms) = postSolution
		{B6A5DD57-E461-44AE-BE33-2B0AD2EE1233}.Debug|Any CPU.ActiveCfg = Debug|Any CPU
		{B6A5DD57-E461-44AE-BE33-2B0AD2EE1233}.Debug|Any CPU.Build.0 = Debug|Any CPU
		{B6A5DD57-E461-44AE-BE33-2B0AD2EE1233}.Debug|x64.ActiveCfg = Debug|Any CPU
		{B6A5DD57-E461-44AE-BE33-2B0AD2EE1233}.Debug|x64.Build.0 = Debug|Any CPU
		{B6A5DD57-E461-44AE-BE33-2B0AD2EE1233}.Debug|x86.ActiveCfg = Debug|Any CPU
		{B6A5DD57-E461-44AE-BE33-2B0AD2EE1233}.Debug|x86.Build.0 = Debug|Any CPU
		{B6A5DD57-E461-44AE-BE33-2B0AD2EE1233}.Release|Any CPU.ActiveCfg = Release|Any CPU
		{B6A5DD57-E461-44AE-BE33-2B0AD2EE1233}.Release|Any CPU.Build.0 = Release|Any CPU
		{B6A5DD57-E461-44AE-BE33-2B0AD2EE1233}.Release|x64.ActiveCfg = Release|Any CPU
		{B6A5DD57-E461-44AE-BE33-2B0AD2EE1233}.Release|x64.Build.0 = Release|Any CPU
		{B6A5DD57-E461-44AE-BE33-2B0AD2EE1233}.Release|x86.ActiveCfg = Release|Any CPU
		{B6A5DD57-E461-44AE-BE33-2B0AD2EE1233}.Release|x86.Build.0 = Release|Any CPU
		{13D8918D-998B-43DE-BDA4-26AABE6D8CDD}.Debug|Any CPU.ActiveCfg = Debug|Any CPU
		{13D8918D-998B-43DE-BDA4-26AABE6D8CDD}.Debug|Any CPU.Build.0 = Debug|Any CPU
		{13D8918D-998B-43DE-BDA4-26AABE6D8CDD}.Debug|x64.ActiveCfg = Debug|Any CPU
		{13D8918D-998B-43DE-BDA4-26AABE6D8CDD}.Debug|x64.Build.0 = Debug|Any CPU
		{13D8918D-998B-43DE-BDA4-26AABE6D8CDD}.Debug|x86.ActiveCfg = Debug|Any CPU
		{13D8918D-998B-43DE-BDA4-26AABE6D8CDD}.Debug|x86.Build.0 = Debug|Any CPU
		{13D8918D-998B-43DE-BDA4-26AABE6D8CDD}.Release|Any CPU.ActiveCfg = Release|Any CPU
		{13D8918D-998B-43DE-BDA4-26AABE6D8CDD}.Release|Any CPU.Build.0 = Release|Any CPU
		{13D8918D-998B-43DE-BDA4-26AABE6D8CDD}.Release|x64.ActiveCfg = Release|Any CPU
		{13D8918D-998B-43DE-BDA4-26AABE6D8CDD}.Release|x64.Build.0 = Release|Any CPU
		{13D8918D-998B-43DE-BDA4-26AABE6D8CDD}.Release|x86.ActiveCfg = Release|Any CPU
		{13D8918D-998B-43DE-BDA4-26AABE6D8CDD}.Release|x86.Build.0 = Release|Any CPU
		{28E5F3F9-97D0-4967-96AB-9F4C3C994153}.Debug|Any CPU.ActiveCfg = Debug|Any CPU
		{28E5F3F9-97D0-4967-96AB-9F4C3C994153}.Debug|Any CPU.Build.0 = Debug|Any CPU
		{28E5F3F9-97D0-4967-96AB-9F4C3C994153}.Debug|x64.ActiveCfg = Debug|Any CPU
		{28E5F3F9-97D0-4967-96AB-9F4C3C994153}.Debug|x64.Build.0 = Debug|Any CPU
		{28E5F3F9-97D0-4967-96AB-9F4C3C994153}.Debug|x86.ActiveCfg = Debug|Any CPU
		{28E5F3F9-97D0-4967-96AB-9F4C3C994153}.Debug|x86.Build.0 = Debug|Any CPU
		{28E5F3F9-97D0-4967-96AB-9F4C3C994153}.Release|Any CPU.ActiveCfg = Release|Any CPU
		{28E5F3F9-97D0-4967-96AB-9F4C3C994153}.Release|Any CPU.Build.0 = Release|Any CPU
		{28E5F3F9-97D0-4967-96AB-9F4C3C994153}.Release|x64.ActiveCfg = Release|Any CPU
		{28E5F3F9-97D0-4967-96AB-9F4C3C994153}.Release|x64.Build.0 = Release|Any CPU
		{28E5F3F9-97D0-4967-96AB-9F4C3C994153}.Release|x86.ActiveCfg = Release|Any CPU
		{28E5F3F9-97D0-4967-96AB-9F4C3C994153}.Release|x86.Build.0 = Release|Any CPU
		{E23F95AF-1412-4858-9A91-011457040947}.Debug|Any CPU.ActiveCfg = Debug|Any CPU
		{E23F95AF-1412-4858-9A91-011457040947}.Debug|Any CPU.Build.0 = Debug|Any CPU
		{E23F95AF-1412-4858-9A91-011457040947}.Debug|x64.ActiveCfg = Debug|Any CPU
		{E23F95AF-1412-4858-9A91-011457040947}.Debug|x64.Build.0 = Debug|Any CPU
		{E23F95AF-1412-4858-9A91-011457040947}.Debug|x86.ActiveCfg = Debug|Any CPU
		{E23F95AF-1412-4858-9A91-011457040947}.Debug|x86.Build.0 = Debug|Any CPU
		{E23F95AF-1412-4858-9A91-011457040947}.Release|Any CPU.ActiveCfg = Release|Any CPU
		{E23F95AF-1412-4858-9A91-011457040947}.Release|Any CPU.Build.0 = Release|Any CPU
		{E23F95AF-1412-4858-9A91-011457040947}.Release|x64.ActiveCfg = Release|Any CPU
		{E23F95AF-1412-4858-9A91-011457040947}.Release|x64.Build.0 = Release|Any CPU
		{E23F95AF-1412-4858-9A91-011457040947}.Release|x86.ActiveCfg = Release|Any CPU
		{E23F95AF-1412-4858-9A91-011457040947}.Release|x86.Build.0 = Release|Any CPU
		{3223223D-2A20-44E6-A801-03E4FAB257DF}.Debug|Any CPU.ActiveCfg = Debug|Any CPU
		{3223223D-2A20-44E6-A801-03E4FAB257DF}.Debug|Any CPU.Build.0 = Debug|Any CPU
		{3223223D-2A20-44E6-A801-03E4FAB257DF}.Debug|x64.ActiveCfg = Debug|Any CPU
		{3223223D-2A20-44E6-A801-03E4FAB257DF}.Debug|x64.Build.0 = Debug|Any CPU
		{3223223D-2A20-44E6-A801-03E4FAB257DF}.Debug|x86.ActiveCfg = Debug|Any CPU
		{3223223D-2A20-44E6-A801-03E4FAB257DF}.Debug|x86.Build.0 = Debug|Any CPU
		{3223223D-2A20-44E6-A801-03E4FAB257DF}.Release|Any CPU.ActiveCfg = Release|Any CPU
		{3223223D-2A20-44E6-A801-03E4FAB257DF}.Release|Any CPU.Build.0 = Release|Any CPU
		{3223223D-2A20-44E6-A801-03E4FAB257DF}.Release|x64.ActiveCfg = Release|Any CPU
		{3223223D-2A20-44E6-A801-03E4FAB257DF}.Release|x64.Build.0 = Release|Any CPU
		{3223223D-2A20-44E6-A801-03E4FAB257DF}.Release|x86.ActiveCfg = Release|Any CPU
		{3223223D-2A20-44E6-A801-03E4FAB257DF}.Release|x86.Build.0 = Release|Any CPU
		{4D410B61-3041-45DB-911C-FC98EEE6B6A1}.Debug|Any CPU.ActiveCfg = Debug|Any CPU
		{4D410B61-3041-45DB-911C-FC98EEE6B6A1}.Debug|Any CPU.Build.0 = Debug|Any CPU
		{4D410B61-3041-45DB-911C-FC98EEE6B6A1}.Debug|x64.ActiveCfg = Debug|Any CPU
		{4D410B61-3041-45DB-911C-FC98EEE6B6A1}.Debug|x64.Build.0 = Debug|Any CPU
		{4D410B61-3041-45DB-911C-FC98EEE6B6A1}.Debug|x86.ActiveCfg = Debug|Any CPU
		{4D410B61-3041-45DB-911C-FC98EEE6B6A1}.Debug|x86.Build.0 = Debug|Any CPU
		{4D410B61-3041-45DB-911C-FC98EEE6B6A1}.Release|Any CPU.ActiveCfg = Release|Any CPU
		{4D410B61-3041-45DB-911C-FC98EEE6B6A1}.Release|Any CPU.Build.0 = Release|Any CPU
		{4D410B61-3041-45DB-911C-FC98EEE6B6A1}.Release|x64.ActiveCfg = Release|Any CPU
		{4D410B61-3041-45DB-911C-FC98EEE6B6A1}.Release|x64.Build.0 = Release|Any CPU
		{4D410B61-3041-45DB-911C-FC98EEE6B6A1}.Release|x86.ActiveCfg = Release|Any CPU
		{4D410B61-3041-45DB-911C-FC98EEE6B6A1}.Release|x86.Build.0 = Release|Any CPU
		{40455EB5-5F2F-4E9A-84CB-6D9F85FFC7E0}.Debug|Any CPU.ActiveCfg = Debug|Any CPU
		{40455EB5-5F2F-4E9A-84CB-6D9F85FFC7E0}.Debug|Any CPU.Build.0 = Debug|Any CPU
		{40455EB5-5F2F-4E9A-84CB-6D9F85FFC7E0}.Debug|x64.ActiveCfg = Debug|Any CPU
		{40455EB5-5F2F-4E9A-84CB-6D9F85FFC7E0}.Debug|x64.Build.0 = Debug|Any CPU
		{40455EB5-5F2F-4E9A-84CB-6D9F85FFC7E0}.Debug|x86.ActiveCfg = Debug|Any CPU
		{40455EB5-5F2F-4E9A-84CB-6D9F85FFC7E0}.Debug|x86.Build.0 = Debug|Any CPU
		{40455EB5-5F2F-4E9A-84CB-6D9F85FFC7E0}.Release|Any CPU.ActiveCfg = Release|Any CPU
		{40455EB5-5F2F-4E9A-84CB-6D9F85FFC7E0}.Release|Any CPU.Build.0 = Release|Any CPU
		{40455EB5-5F2F-4E9A-84CB-6D9F85FFC7E0}.Release|x64.ActiveCfg = Release|Any CPU
		{40455EB5-5F2F-4E9A-84CB-6D9F85FFC7E0}.Release|x64.Build.0 = Release|Any CPU
		{40455EB5-5F2F-4E9A-84CB-6D9F85FFC7E0}.Release|x86.ActiveCfg = Release|Any CPU
		{40455EB5-5F2F-4E9A-84CB-6D9F85FFC7E0}.Release|x86.Build.0 = Release|Any CPU
		{FCB4664D-AFC1-4866-8B79-6A0114C66768}.Debug|Any CPU.ActiveCfg = Debug|Any CPU
		{FCB4664D-AFC1-4866-8B79-6A0114C66768}.Debug|Any CPU.Build.0 = Debug|Any CPU
		{FCB4664D-AFC1-4866-8B79-6A0114C66768}.Debug|x64.ActiveCfg = Debug|Any CPU
		{FCB4664D-AFC1-4866-8B79-6A0114C66768}.Debug|x64.Build.0 = Debug|Any CPU
		{FCB4664D-AFC1-4866-8B79-6A0114C66768}.Debug|x86.ActiveCfg = Debug|Any CPU
		{FCB4664D-AFC1-4866-8B79-6A0114C66768}.Debug|x86.Build.0 = Debug|Any CPU
		{FCB4664D-AFC1-4866-8B79-6A0114C66768}.Release|Any CPU.ActiveCfg = Release|Any CPU
		{FCB4664D-AFC1-4866-8B79-6A0114C66768}.Release|Any CPU.Build.0 = Release|Any CPU
		{FCB4664D-AFC1-4866-8B79-6A0114C66768}.Release|x64.ActiveCfg = Release|Any CPU
		{FCB4664D-AFC1-4866-8B79-6A0114C66768}.Release|x64.Build.0 = Release|Any CPU
		{FCB4664D-AFC1-4866-8B79-6A0114C66768}.Release|x86.ActiveCfg = Release|Any CPU
		{FCB4664D-AFC1-4866-8B79-6A0114C66768}.Release|x86.Build.0 = Release|Any CPU
		{3EF6294C-1A5E-4A54-97FA-06A217A2BAB2}.Debug|Any CPU.ActiveCfg = Debug|Any CPU
		{3EF6294C-1A5E-4A54-97FA-06A217A2BAB2}.Debug|Any CPU.Build.0 = Debug|Any CPU
		{3EF6294C-1A5E-4A54-97FA-06A217A2BAB2}.Debug|x64.ActiveCfg = Debug|Any CPU
		{3EF6294C-1A5E-4A54-97FA-06A217A2BAB2}.Debug|x64.Build.0 = Debug|Any CPU
		{3EF6294C-1A5E-4A54-97FA-06A217A2BAB2}.Debug|x86.ActiveCfg = Debug|Any CPU
		{3EF6294C-1A5E-4A54-97FA-06A217A2BAB2}.Debug|x86.Build.0 = Debug|Any CPU
		{3EF6294C-1A5E-4A54-97FA-06A217A2BAB2}.Release|Any CPU.ActiveCfg = Release|Any CPU
		{3EF6294C-1A5E-4A54-97FA-06A217A2BAB2}.Release|Any CPU.Build.0 = Release|Any CPU
		{3EF6294C-1A5E-4A54-97FA-06A217A2BAB2}.Release|x64.ActiveCfg = Release|Any CPU
		{3EF6294C-1A5E-4A54-97FA-06A217A2BAB2}.Release|x64.Build.0 = Release|Any CPU
		{3EF6294C-1A5E-4A54-97FA-06A217A2BAB2}.Release|x86.ActiveCfg = Release|Any CPU
		{3EF6294C-1A5E-4A54-97FA-06A217A2BAB2}.Release|x86.Build.0 = Release|Any CPU
	EndGlobalSection
EndGlobal
