
Microsoft Visual Studio Solution File, Format Version 12.00
# Visual Studio 15
VisualStudioVersion = 15.0.26124.0
MinimumVisualStudioVersion = 15.0.26124.0
Project("{FAE04EC0-301F-11D3-BF4B-00C04F79EFBC}") = "Massoterapia.API", "Massoterapia.API\Massoterapia.API.csproj", "{4D410B61-3041-45DB-911C-FC98EEE6B6A1}"
EndProject
Project("{FAE04EC0-301F-11D3-BF4B-00C04F79EFBC}") = "Massoterapia.Application", "Massoterapia.Application\Massoterapia.Application.csproj", "{27D59A1B-2010-4008-9CF1-E98F5DF45A3E}"
EndProject
Project("{FAE04EC0-301F-11D3-BF4B-00C04F79EFBC}") = "SharedCore", "SharedCore\SharedCore.csproj", "{A3FC417D-8194-4D5E-9242-374993455D28}"
EndProject
Project("{FAE04EC0-301F-11D3-BF4B-00C04F79EFBC}") = "Massoterapia.Domain", "Massoterapia.Domain\Massoterapia.Domain.csproj", "{800091CB-3228-48CA-95C6-F465AE982172}"
EndProject
Project("{FAE04EC0-301F-11D3-BF4B-00C04F79EFBC}") = "Massoterapia.Infra.Data.Mongo", "Massoterapia.Infra.Data.Mongo\Massoterapia.Infra.Data.Mongo.csproj", "{D4EB7C2E-1C1A-4634-B8DF-95672A769817}"
EndProject
Project("{FAE04EC0-301F-11D3-BF4B-00C04F79EFBC}") = "Massoterapia.Infra.IoC", "Massoterapia.Infra.IoC\Massoterapia.Infra.IoC.csproj", "{C7343922-BD4B-4B1C-BAD1-11AAE5456EDB}"
EndProject
Project("{FAE04EC0-301F-11D3-BF4B-00C04F79EFBC}") = "Massoterapia.Domain.Tests", "Massoterapia.Domain.Tests\Massoterapia.Domain.Tests.csproj", "{32E7557C-0658-4360-BA99-698D45032AC8}"
EndProject
Project("{FAE04EC0-301F-11D3-BF4B-00C04F79EFBC}") = "Massoterapia.Application.Tests", "Massoterapia.Application.Tests\Massoterapia.Application.Tests.csproj", "{3510A49E-7527-45CC-94FC-6ABBD5CA64FF}"
EndProject
Project("{FAE04EC0-301F-11D3-BF4B-00C04F79EFBC}") = "Massoterapia.Integration.Tests", "Massoterapia.Integration.Tests\Massoterapia.Integration.Tests.csproj", "{2F10B858-F6FD-4FCB-8946-A7A663D89270}"
EndProject
Global
	GlobalSection(SolutionProperties) = preSolution
		HideSolutionNode = FALSE
	EndGlobalSection
	GlobalSection(SolutionConfigurationPlatforms) = preSolution
		Debug|Any CPU = Debug|Any CPU
		Debug|x64 = Debug|x64
		Debug|x86 = Debug|x86
		Release|Any CPU = Release|Any CPU
		Release|x64 = Release|x64
		Release|x86 = Release|x86
	EndGlobalSection
	GlobalSection(ProjectConfigurationPlatforms) = postSolution
		{4D410B61-3041-45DB-911C-FC98EEE6B6A1}.Debug|Any CPU.ActiveCfg = Debug|Any CPU
		{4D410B61-3041-45DB-911C-FC98EEE6B6A1}.Debug|Any CPU.Build.0 = Debug|Any CPU
		{4D410B61-3041-45DB-911C-FC98EEE6B6A1}.Debug|x64.ActiveCfg = Debug|Any CPU
		{4D410B61-3041-45DB-911C-FC98EEE6B6A1}.Debug|x64.Build.0 = Debug|Any CPU
		{4D410B61-3041-45DB-911C-FC98EEE6B6A1}.Debug|x86.ActiveCfg = Debug|Any CPU
		{4D410B61-3041-45DB-911C-FC98EEE6B6A1}.Debug|x86.Build.0 = Debug|Any CPU
		{4D410B61-3041-45DB-911C-FC98EEE6B6A1}.Release|Any CPU.ActiveCfg = Release|Any CPU
		{4D410B61-3041-45DB-911C-FC98EEE6B6A1}.Release|Any CPU.Build.0 = Release|Any CPU
		{4D410B61-3041-45DB-911C-FC98EEE6B6A1}.Release|x64.ActiveCfg = Release|Any CPU
		{4D410B61-3041-45DB-911C-FC98EEE6B6A1}.Release|x64.Build.0 = Release|Any CPU
		{4D410B61-3041-45DB-911C-FC98EEE6B6A1}.Release|x86.ActiveCfg = Release|Any CPU
		{4D410B61-3041-45DB-911C-FC98EEE6B6A1}.Release|x86.Build.0 = Release|Any CPU
		{27D59A1B-2010-4008-9CF1-E98F5DF45A3E}.Debug|Any CPU.ActiveCfg = Debug|Any CPU
		{27D59A1B-2010-4008-9CF1-E98F5DF45A3E}.Debug|Any CPU.Build.0 = Debug|Any CPU
		{27D59A1B-2010-4008-9CF1-E98F5DF45A3E}.Debug|x64.ActiveCfg = Debug|Any CPU
		{27D59A1B-2010-4008-9CF1-E98F5DF45A3E}.Debug|x64.Build.0 = Debug|Any CPU
		{27D59A1B-2010-4008-9CF1-E98F5DF45A3E}.Debug|x86.ActiveCfg = Debug|Any CPU
		{27D59A1B-2010-4008-9CF1-E98F5DF45A3E}.Debug|x86.Build.0 = Debug|Any CPU
		{27D59A1B-2010-4008-9CF1-E98F5DF45A3E}.Release|Any CPU.ActiveCfg = Release|Any CPU
		{27D59A1B-2010-4008-9CF1-E98F5DF45A3E}.Release|Any CPU.Build.0 = Release|Any CPU
		{27D59A1B-2010-4008-9CF1-E98F5DF45A3E}.Release|x64.ActiveCfg = Release|Any CPU
		{27D59A1B-2010-4008-9CF1-E98F5DF45A3E}.Release|x64.Build.0 = Release|Any CPU
		{27D59A1B-2010-4008-9CF1-E98F5DF45A3E}.Release|x86.ActiveCfg = Release|Any CPU
		{27D59A1B-2010-4008-9CF1-E98F5DF45A3E}.Release|x86.Build.0 = Release|Any CPU
		{A3FC417D-8194-4D5E-9242-374993455D28}.Debug|Any CPU.ActiveCfg = Debug|Any CPU
		{A3FC417D-8194-4D5E-9242-374993455D28}.Debug|Any CPU.Build.0 = Debug|Any CPU
		{A3FC417D-8194-4D5E-9242-374993455D28}.Debug|x64.ActiveCfg = Debug|Any CPU
		{A3FC417D-8194-4D5E-9242-374993455D28}.Debug|x64.Build.0 = Debug|Any CPU
		{A3FC417D-8194-4D5E-9242-374993455D28}.Debug|x86.ActiveCfg = Debug|Any CPU
		{A3FC417D-8194-4D5E-9242-374993455D28}.Debug|x86.Build.0 = Debug|Any CPU
		{A3FC417D-8194-4D5E-9242-374993455D28}.Release|Any CPU.ActiveCfg = Release|Any CPU
		{A3FC417D-8194-4D5E-9242-374993455D28}.Release|Any CPU.Build.0 = Release|Any CPU
		{A3FC417D-8194-4D5E-9242-374993455D28}.Release|x64.ActiveCfg = Release|Any CPU
		{A3FC417D-8194-4D5E-9242-374993455D28}.Release|x64.Build.0 = Release|Any CPU
		{A3FC417D-8194-4D5E-9242-374993455D28}.Release|x86.ActiveCfg = Release|Any CPU
		{A3FC417D-8194-4D5E-9242-374993455D28}.Release|x86.Build.0 = Release|Any CPU
		{800091CB-3228-48CA-95C6-F465AE982172}.Debug|Any CPU.ActiveCfg = Debug|Any CPU
		{800091CB-3228-48CA-95C6-F465AE982172}.Debug|Any CPU.Build.0 = Debug|Any CPU
		{800091CB-3228-48CA-95C6-F465AE982172}.Debug|x64.ActiveCfg = Debug|Any CPU
		{800091CB-3228-48CA-95C6-F465AE982172}.Debug|x64.Build.0 = Debug|Any CPU
		{800091CB-3228-48CA-95C6-F465AE982172}.Debug|x86.ActiveCfg = Debug|Any CPU
		{800091CB-3228-48CA-95C6-F465AE982172}.Debug|x86.Build.0 = Debug|Any CPU
		{800091CB-3228-48CA-95C6-F465AE982172}.Release|Any CPU.ActiveCfg = Release|Any CPU
		{800091CB-3228-48CA-95C6-F465AE982172}.Release|Any CPU.Build.0 = Release|Any CPU
		{800091CB-3228-48CA-95C6-F465AE982172}.Release|x64.ActiveCfg = Release|Any CPU
		{800091CB-3228-48CA-95C6-F465AE982172}.Release|x64.Build.0 = Release|Any CPU
		{800091CB-3228-48CA-95C6-F465AE982172}.Release|x86.ActiveCfg = Release|Any CPU
		{800091CB-3228-48CA-95C6-F465AE982172}.Release|x86.Build.0 = Release|Any CPU
		{D4EB7C2E-1C1A-4634-B8DF-95672A769817}.Debug|Any CPU.ActiveCfg = Debug|Any CPU
		{D4EB7C2E-1C1A-4634-B8DF-95672A769817}.Debug|Any CPU.Build.0 = Debug|Any CPU
		{D4EB7C2E-1C1A-4634-B8DF-95672A769817}.Debug|x64.ActiveCfg = Debug|Any CPU
		{D4EB7C2E-1C1A-4634-B8DF-95672A769817}.Debug|x64.Build.0 = Debug|Any CPU
		{D4EB7C2E-1C1A-4634-B8DF-95672A769817}.Debug|x86.ActiveCfg = Debug|Any CPU
		{D4EB7C2E-1C1A-4634-B8DF-95672A769817}.Debug|x86.Build.0 = Debug|Any CPU
		{D4EB7C2E-1C1A-4634-B8DF-95672A769817}.Release|Any CPU.ActiveCfg = Release|Any CPU
		{D4EB7C2E-1C1A-4634-B8DF-95672A769817}.Release|Any CPU.Build.0 = Release|Any CPU
		{D4EB7C2E-1C1A-4634-B8DF-95672A769817}.Release|x64.ActiveCfg = Release|Any CPU
		{D4EB7C2E-1C1A-4634-B8DF-95672A769817}.Release|x64.Build.0 = Release|Any CPU
		{D4EB7C2E-1C1A-4634-B8DF-95672A769817}.Release|x86.ActiveCfg = Release|Any CPU
		{D4EB7C2E-1C1A-4634-B8DF-95672A769817}.Release|x86.Build.0 = Release|Any CPU
		{C7343922-BD4B-4B1C-BAD1-11AAE5456EDB}.Debug|Any CPU.ActiveCfg = Debug|Any CPU
		{C7343922-BD4B-4B1C-BAD1-11AAE5456EDB}.Debug|Any CPU.Build.0 = Debug|Any CPU
		{C7343922-BD4B-4B1C-BAD1-11AAE5456EDB}.Debug|x64.ActiveCfg = Debug|Any CPU
		{C7343922-BD4B-4B1C-BAD1-11AAE5456EDB}.Debug|x64.Build.0 = Debug|Any CPU
		{C7343922-BD4B-4B1C-BAD1-11AAE5456EDB}.Debug|x86.ActiveCfg = Debug|Any CPU
		{C7343922-BD4B-4B1C-BAD1-11AAE5456EDB}.Debug|x86.Build.0 = Debug|Any CPU
		{C7343922-BD4B-4B1C-BAD1-11AAE5456EDB}.Release|Any CPU.ActiveCfg = Release|Any CPU
		{C7343922-BD4B-4B1C-BAD1-11AAE5456EDB}.Release|Any CPU.Build.0 = Release|Any CPU
		{C7343922-BD4B-4B1C-BAD1-11AAE5456EDB}.Release|x64.ActiveCfg = Release|Any CPU
		{C7343922-BD4B-4B1C-BAD1-11AAE5456EDB}.Release|x64.Build.0 = Release|Any CPU
		{C7343922-BD4B-4B1C-BAD1-11AAE5456EDB}.Release|x86.ActiveCfg = Release|Any CPU
		{C7343922-BD4B-4B1C-BAD1-11AAE5456EDB}.Release|x86.Build.0 = Release|Any CPU
		{32E7557C-0658-4360-BA99-698D45032AC8}.Debug|Any CPU.ActiveCfg = Debug|Any CPU
		{32E7557C-0658-4360-BA99-698D45032AC8}.Debug|Any CPU.Build.0 = Debug|Any CPU
		{32E7557C-0658-4360-BA99-698D45032AC8}.Debug|x64.ActiveCfg = Debug|Any CPU
		{32E7557C-0658-4360-BA99-698D45032AC8}.Debug|x64.Build.0 = Debug|Any CPU
		{32E7557C-0658-4360-BA99-698D45032AC8}.Debug|x86.ActiveCfg = Debug|Any CPU
		{32E7557C-0658-4360-BA99-698D45032AC8}.Debug|x86.Build.0 = Debug|Any CPU
		{32E7557C-0658-4360-BA99-698D45032AC8}.Release|Any CPU.ActiveCfg = Release|Any CPU
		{32E7557C-0658-4360-BA99-698D45032AC8}.Release|Any CPU.Build.0 = Release|Any CPU
		{32E7557C-0658-4360-BA99-698D45032AC8}.Release|x64.ActiveCfg = Release|Any CPU
		{32E7557C-0658-4360-BA99-698D45032AC8}.Release|x64.Build.0 = Release|Any CPU
		{32E7557C-0658-4360-BA99-698D45032AC8}.Release|x86.ActiveCfg = Release|Any CPU
		{32E7557C-0658-4360-BA99-698D45032AC8}.Release|x86.Build.0 = Release|Any CPU
		{3510A49E-7527-45CC-94FC-6ABBD5CA64FF}.Debug|Any CPU.ActiveCfg = Debug|Any CPU
		{3510A49E-7527-45CC-94FC-6ABBD5CA64FF}.Debug|Any CPU.Build.0 = Debug|Any CPU
		{3510A49E-7527-45CC-94FC-6ABBD5CA64FF}.Debug|x64.ActiveCfg = Debug|Any CPU
		{3510A49E-7527-45CC-94FC-6ABBD5CA64FF}.Debug|x64.Build.0 = Debug|Any CPU
		{3510A49E-7527-45CC-94FC-6ABBD5CA64FF}.Debug|x86.ActiveCfg = Debug|Any CPU
		{3510A49E-7527-45CC-94FC-6ABBD5CA64FF}.Debug|x86.Build.0 = Debug|Any CPU
		{3510A49E-7527-45CC-94FC-6ABBD5CA64FF}.Release|Any CPU.ActiveCfg = Release|Any CPU
		{3510A49E-7527-45CC-94FC-6ABBD5CA64FF}.Release|Any CPU.Build.0 = Release|Any CPU
		{3510A49E-7527-45CC-94FC-6ABBD5CA64FF}.Release|x64.ActiveCfg = Release|Any CPU
		{3510A49E-7527-45CC-94FC-6ABBD5CA64FF}.Release|x64.Build.0 = Release|Any CPU
		{3510A49E-7527-45CC-94FC-6ABBD5CA64FF}.Release|x86.ActiveCfg = Release|Any CPU
		{3510A49E-7527-45CC-94FC-6ABBD5CA64FF}.Release|x86.Build.0 = Release|Any CPU
		{2F10B858-F6FD-4FCB-8946-A7A663D89270}.Debug|Any CPU.ActiveCfg = Debug|Any CPU
		{2F10B858-F6FD-4FCB-8946-A7A663D89270}.Debug|Any CPU.Build.0 = Debug|Any CPU
		{2F10B858-F6FD-4FCB-8946-A7A663D89270}.Debug|x64.ActiveCfg = Debug|Any CPU
		{2F10B858-F6FD-4FCB-8946-A7A663D89270}.Debug|x64.Build.0 = Debug|Any CPU
		{2F10B858-F6FD-4FCB-8946-A7A663D89270}.Debug|x86.ActiveCfg = Debug|Any CPU
		{2F10B858-F6FD-4FCB-8946-A7A663D89270}.Debug|x86.Build.0 = Debug|Any CPU
		{2F10B858-F6FD-4FCB-8946-A7A663D89270}.Release|Any CPU.ActiveCfg = Release|Any CPU
		{2F10B858-F6FD-4FCB-8946-A7A663D89270}.Release|Any CPU.Build.0 = Release|Any CPU
		{2F10B858-F6FD-4FCB-8946-A7A663D89270}.Release|x64.ActiveCfg = Release|Any CPU
		{2F10B858-F6FD-4FCB-8946-A7A663D89270}.Release|x64.Build.0 = Release|Any CPU
		{2F10B858-F6FD-4FCB-8946-A7A663D89270}.Release|x86.ActiveCfg = Release|Any CPU
		{2F10B858-F6FD-4FCB-8946-A7A663D89270}.Release|x86.Build.0 = Release|Any CPU
	EndGlobalSection
EndGlobal
