
Microsoft Visual Studio Solution File, Format Version 12.00
# Visual Studio 15
VisualStudioVersion = 15.0.26124.0
MinimumVisualStudioVersion = 15.0.26124.0
Project("{FAE04EC0-301F-11D3-BF4B-00C04F79EFBC}") = "Massoterapia.Domain.Tests", "Massoterapia.Domain.Tests\Massoterapia.Domain.Tests.csproj", "{8C470085-03AC-4185-801A-01F7B44F3574}"
EndProject
Project("{FAE04EC0-301F-11D3-BF4B-00C04F79EFBC}") = "Massoterapia.Integration.Tests", "Massoterapia.Integration.Tests\Massoterapia.Integration.Tests.csproj", "{41B464D1-B994-4328-B825-9CF742FE97CC}"
EndProject
Project("{FAE04EC0-301F-11D3-BF4B-00C04F79EFBC}") = "Massoterapia.Application.Tests", "Massoterapia.Application.Tests\Massoterapia.Application.Tests.csproj", "{B96DED7E-7590-4028-82E8-E7E521552EE6}"
EndProject
Global
	GlobalSection(SolutionConfigurationPlatforms) = preSolution
		Debug|Any CPU = Debug|Any CPU
		Debug|x64 = Debug|x64
		Debug|x86 = Debug|x86
		Release|Any CPU = Release|Any CPU
		Release|x64 = Release|x64
		Release|x86 = Release|x86
	EndGlobalSection
	GlobalSection(SolutionProperties) = preSolution
		HideSolutionNode = FALSE
	EndGlobalSection
	GlobalSection(ProjectConfigurationPlatforms) = postSolution
		{8C470085-03AC-4185-801A-01F7B44F3574}.Debug|Any CPU.ActiveCfg = Debug|Any CPU
		{8C470085-03AC-4185-801A-01F7B44F3574}.Debug|Any CPU.Build.0 = Debug|Any CPU
		{8C470085-03AC-4185-801A-01F7B44F3574}.Debug|x64.ActiveCfg = Debug|Any CPU
		{8C470085-03AC-4185-801A-01F7B44F3574}.Debug|x64.Build.0 = Debug|Any CPU
		{8C470085-03AC-4185-801A-01F7B44F3574}.Debug|x86.ActiveCfg = Debug|Any CPU
		{8C470085-03AC-4185-801A-01F7B44F3574}.Debug|x86.Build.0 = Debug|Any CPU
		{8C470085-03AC-4185-801A-01F7B44F3574}.Release|Any CPU.ActiveCfg = Release|Any CPU
		{8C470085-03AC-4185-801A-01F7B44F3574}.Release|Any CPU.Build.0 = Release|Any CPU
		{8C470085-03AC-4185-801A-01F7B44F3574}.Release|x64.ActiveCfg = Release|Any CPU
		{8C470085-03AC-4185-801A-01F7B44F3574}.Release|x64.Build.0 = Release|Any CPU
		{8C470085-03AC-4185-801A-01F7B44F3574}.Release|x86.ActiveCfg = Release|Any CPU
		{8C470085-03AC-4185-801A-01F7B44F3574}.Release|x86.Build.0 = Release|Any CPU
		{41B464D1-B994-4328-B825-9CF742FE97CC}.Debug|Any CPU.ActiveCfg = Debug|Any CPU
		{41B464D1-B994-4328-B825-9CF742FE97CC}.Debug|Any CPU.Build.0 = Debug|Any CPU
		{41B464D1-B994-4328-B825-9CF742FE97CC}.Debug|x64.ActiveCfg = Debug|Any CPU
		{41B464D1-B994-4328-B825-9CF742FE97CC}.Debug|x64.Build.0 = Debug|Any CPU
		{41B464D1-B994-4328-B825-9CF742FE97CC}.Debug|x86.ActiveCfg = Debug|Any CPU
		{41B464D1-B994-4328-B825-9CF742FE97CC}.Debug|x86.Build.0 = Debug|Any CPU
		{41B464D1-B994-4328-B825-9CF742FE97CC}.Release|Any CPU.ActiveCfg = Release|Any CPU
		{41B464D1-B994-4328-B825-9CF742FE97CC}.Release|Any CPU.Build.0 = Release|Any CPU
		{41B464D1-B994-4328-B825-9CF742FE97CC}.Release|x64.ActiveCfg = Release|Any CPU
		{41B464D1-B994-4328-B825-9CF742FE97CC}.Release|x64.Build.0 = Release|Any CPU
		{41B464D1-B994-4328-B825-9CF742FE97CC}.Release|x86.ActiveCfg = Release|Any CPU
		{41B464D1-B994-4328-B825-9CF742FE97CC}.Release|x86.Build.0 = Release|Any CPU
		{B96DED7E-7590-4028-82E8-E7E521552EE6}.Debug|Any CPU.ActiveCfg = Debug|Any CPU
		{B96DED7E-7590-4028-82E8-E7E521552EE6}.Debug|Any CPU.Build.0 = Debug|Any CPU
		{B96DED7E-7590-4028-82E8-E7E521552EE6}.Debug|x64.ActiveCfg = Debug|Any CPU
		{B96DED7E-7590-4028-82E8-E7E521552EE6}.Debug|x64.Build.0 = Debug|Any CPU
		{B96DED7E-7590-4028-82E8-E7E521552EE6}.Debug|x86.ActiveCfg = Debug|Any CPU
		{B96DED7E-7590-4028-82E8-E7E521552EE6}.Debug|x86.Build.0 = Debug|Any CPU
		{B96DED7E-7590-4028-82E8-E7E521552EE6}.Release|Any CPU.ActiveCfg = Release|Any CPU
		{B96DED7E-7590-4028-82E8-E7E521552EE6}.Release|Any CPU.Build.0 = Release|Any CPU
		{B96DED7E-7590-4028-82E8-E7E521552EE6}.Release|x64.ActiveCfg = Release|Any CPU
		{B96DED7E-7590-4028-82E8-E7E521552EE6}.Release|x64.Build.0 = Release|Any CPU
		{B96DED7E-7590-4028-82E8-E7E521552EE6}.Release|x86.ActiveCfg = Release|Any CPU
		{B96DED7E-7590-4028-82E8-E7E521552EE6}.Release|x86.Build.0 = Release|Any CPU
	EndGlobalSection
EndGlobal
